// !$*UTF8*$!
{
	archiveVersion = 1;
	classes = {
	};
	objectVersion = 52;
	objects = {

/* Begin PBXBuildFile section */
		7A57457E259F6CFC00AA5CB7 /* GoogleService-Info.plist in Resources */ = {isa = PBXBuildFile; fileRef = 7A57457D259F6CFC00AA5CB7 /* GoogleService-Info.plist */; };
		7A5745A3259F77F600AA5CB7 /* FacebookCore in Frameworks */ = {isa = PBXBuildFile; productRef = 7A5745A2259F77F600AA5CB7 /* FacebookCore */; };
		7A5745A5259F77F600AA5CB7 /* FacebookLogin in Frameworks */ = {isa = PBXBuildFile; productRef = 7A5745A4259F77F600AA5CB7 /* FacebookLogin */; };
		7A5745A7259F77F600AA5CB7 /* FacebookShare in Frameworks */ = {isa = PBXBuildFile; productRef = 7A5745A6259F77F600AA5CB7 /* FacebookShare */; };
		7A5745B0259F7B6F00AA5CB7 /* fbLogin.swift in Sources */ = {isa = PBXBuildFile; fileRef = 7A5745AF259F7B6F00AA5CB7 /* fbLogin.swift */; };
		7A5745B9259F7CD100AA5CB7 /* Note.swift in Sources */ = {isa = PBXBuildFile; fileRef = 7A5745B8259F7CD100AA5CB7 /* Note.swift */; };
		7A5745C4259F998200AA5CB7 /* firebaseFunction.swift in Sources */ = {isa = PBXBuildFile; fileRef = 7A5745C3259F998200AA5CB7 /* firebaseFunction.swift */; };
		7A5745D1259F9A6300AA5CB7 /* ListElement.swift in Sources */ = {isa = PBXBuildFile; fileRef = 7A5745D0259F9A6300AA5CB7 /* ListElement.swift */; };
		7A5745DB259FAA3400AA5CB7 /* EditNoteView.swift in Sources */ = {isa = PBXBuildFile; fileRef = 7A5745DA259FAA3400AA5CB7 /* EditNoteView.swift */; };
		7FF2604B89B28D3A84D2F5C4 /* Pods_NotesTests.framework in Frameworks */ = {isa = PBXBuildFile; fileRef = 06D47F84C0CADA2F9E3F37C1 /* Pods_NotesTests.framework */; };
		ADAC5DC7240AC8DA0079EB30 /* AppDelegate.swift in Sources */ = {isa = PBXBuildFile; fileRef = ADAC5DC6240AC8DA0079EB30 /* AppDelegate.swift */; };
		ADAC5DC9240AC8DA0079EB30 /* SceneDelegate.swift in Sources */ = {isa = PBXBuildFile; fileRef = ADAC5DC8240AC8DA0079EB30 /* SceneDelegate.swift */; };
		ADAC5DCB240AC8DA0079EB30 /* ContentView.swift in Sources */ = {isa = PBXBuildFile; fileRef = ADAC5DCA240AC8DA0079EB30 /* ContentView.swift */; };
		ADAC5DCD240AC8DE0079EB30 /* Assets.xcassets in Resources */ = {isa = PBXBuildFile; fileRef = ADAC5DCC240AC8DE0079EB30 /* Assets.xcassets */; };
		ADAC5DD0240AC8DE0079EB30 /* Preview Assets.xcassets in Resources */ = {isa = PBXBuildFile; fileRef = ADAC5DCF240AC8DE0079EB30 /* Preview Assets.xcassets */; };
		ADAC5DD3240AC8DE0079EB30 /* LaunchScreen.storyboard in Resources */ = {isa = PBXBuildFile; fileRef = ADAC5DD1240AC8DE0079EB30 /* LaunchScreen.storyboard */; };
		ADAC5DDE240AC8DE0079EB30 /* NotesTests.swift in Sources */ = {isa = PBXBuildFile; fileRef = ADAC5DDD240AC8DE0079EB30 /* NotesTests.swift */; };
		ADAC5DE9240AC8DE0079EB30 /* NotesUITests.swift in Sources */ = {isa = PBXBuildFile; fileRef = ADAC5DE8240AC8DE0079EB30 /* NotesUITests.swift */; };
		B8CF2239B0D9CBC2CF5D4010 /* Pods_Notes_NotesUITests.framework in Frameworks */ = {isa = PBXBuildFile; fileRef = 2F107A5010288D93D4405669 /* Pods_Notes_NotesUITests.framework */; };
		C3DFB3D44B9F379084784065 /* Pods_Notes.framework in Frameworks */ = {isa = PBXBuildFile; fileRef = 7676B49959C6BD60A570A89C /* Pods_Notes.framework */; };
/* End PBXBuildFile section */

/* Begin PBXContainerItemProxy section */
		ADAC5DDA240AC8DE0079EB30 /* PBXContainerItemProxy */ = {
			isa = PBXContainerItemProxy;
			containerPortal = ADAC5DBB240AC8DA0079EB30 /* Project object */;
			proxyType = 1;
			remoteGlobalIDString = ADAC5DC2240AC8DA0079EB30;
			remoteInfo = Notes;
		};
		ADAC5DE5240AC8DE0079EB30 /* PBXContainerItemProxy */ = {
			isa = PBXContainerItemProxy;
			containerPortal = ADAC5DBB240AC8DA0079EB30 /* Project object */;
			proxyType = 1;
			remoteGlobalIDString = ADAC5DC2240AC8DA0079EB30;
			remoteInfo = Notes;
		};
/* End PBXContainerItemProxy section */

/* Begin PBXFileReference section */
		06D47F84C0CADA2F9E3F37C1 /* Pods_NotesTests.framework */ = {isa = PBXFileReference; explicitFileType = wrapper.framework; includeInIndex = 0; path = Pods_NotesTests.framework; sourceTree = BUILT_PRODUCTS_DIR; };
		10132E3BB6BAA72E5149209E /* Pods-Notes-NotesUITests.release.xcconfig */ = {isa = PBXFileReference; includeInIndex = 1; lastKnownFileType = text.xcconfig; name = "Pods-Notes-NotesUITests.release.xcconfig"; path = "Target Support Files/Pods-Notes-NotesUITests/Pods-Notes-NotesUITests.release.xcconfig"; sourceTree = "<group>"; };
		18918EA796647E185388CAB7 /* Pods-NotesTests.debug.xcconfig */ = {isa = PBXFileReference; includeInIndex = 1; lastKnownFileType = text.xcconfig; name = "Pods-NotesTests.debug.xcconfig"; path = "Target Support Files/Pods-NotesTests/Pods-NotesTests.debug.xcconfig"; sourceTree = "<group>"; };
		2F107A5010288D93D4405669 /* Pods_Notes_NotesUITests.framework */ = {isa = PBXFileReference; explicitFileType = wrapper.framework; includeInIndex = 0; path = Pods_Notes_NotesUITests.framework; sourceTree = BUILT_PRODUCTS_DIR; };
		66CFF97F9B79AE5FFDD2BE3B /* Pods-Notes.debug.xcconfig */ = {isa = PBXFileReference; includeInIndex = 1; lastKnownFileType = text.xcconfig; name = "Pods-Notes.debug.xcconfig"; path = "Target Support Files/Pods-Notes/Pods-Notes.debug.xcconfig"; sourceTree = "<group>"; };
		7676B49959C6BD60A570A89C /* Pods_Notes.framework */ = {isa = PBXFileReference; explicitFileType = wrapper.framework; includeInIndex = 0; path = Pods_Notes.framework; sourceTree = BUILT_PRODUCTS_DIR; };
		7A57457D259F6CFC00AA5CB7 /* GoogleService-Info.plist */ = {isa = PBXFileReference; fileEncoding = 4; lastKnownFileType = text.plist.xml; path = "GoogleService-Info.plist"; sourceTree = "<group>"; };
		7A5745AF259F7B6F00AA5CB7 /* fbLogin.swift */ = {isa = PBXFileReference; lastKnownFileType = sourcecode.swift; path = fbLogin.swift; sourceTree = "<group>"; };
		7A5745B8259F7CD100AA5CB7 /* Note.swift */ = {isa = PBXFileReference; lastKnownFileType = sourcecode.swift; path = Note.swift; sourceTree = "<group>"; };
		7A5745C3259F998200AA5CB7 /* firebaseFunction.swift */ = {isa = PBXFileReference; lastKnownFileType = sourcecode.swift; path = firebaseFunction.swift; sourceTree = "<group>"; };
		7A5745D0259F9A6300AA5CB7 /* ListElement.swift */ = {isa = PBXFileReference; lastKnownFileType = sourcecode.swift; path = ListElement.swift; sourceTree = "<group>"; };
		7A5745DA259FAA3400AA5CB7 /* EditNoteView.swift */ = {isa = PBXFileReference; lastKnownFileType = sourcecode.swift; path = EditNoteView.swift; sourceTree = "<group>"; };
		980039B688539EFD67137727 /* Pods-Notes.release.xcconfig */ = {isa = PBXFileReference; includeInIndex = 1; lastKnownFileType = text.xcconfig; name = "Pods-Notes.release.xcconfig"; path = "Target Support Files/Pods-Notes/Pods-Notes.release.xcconfig"; sourceTree = "<group>"; };
		ADAC5DC3240AC8DA0079EB30 /* Notes.app */ = {isa = PBXFileReference; explicitFileType = wrapper.application; includeInIndex = 0; path = Notes.app; sourceTree = BUILT_PRODUCTS_DIR; };
		ADAC5DC6240AC8DA0079EB30 /* AppDelegate.swift */ = {isa = PBXFileReference; lastKnownFileType = sourcecode.swift; path = AppDelegate.swift; sourceTree = "<group>"; };
		ADAC5DC8240AC8DA0079EB30 /* SceneDelegate.swift */ = {isa = PBXFileReference; lastKnownFileType = sourcecode.swift; path = SceneDelegate.swift; sourceTree = "<group>"; };
		ADAC5DCA240AC8DA0079EB30 /* ContentView.swift */ = {isa = PBXFileReference; lastKnownFileType = sourcecode.swift; path = ContentView.swift; sourceTree = "<group>"; };
		ADAC5DCC240AC8DE0079EB30 /* Assets.xcassets */ = {isa = PBXFileReference; lastKnownFileType = folder.assetcatalog; path = Assets.xcassets; sourceTree = "<group>"; };
		ADAC5DCF240AC8DE0079EB30 /* Preview Assets.xcassets */ = {isa = PBXFileReference; lastKnownFileType = folder.assetcatalog; path = "Preview Assets.xcassets"; sourceTree = "<group>"; };
		ADAC5DD2240AC8DE0079EB30 /* Base */ = {isa = PBXFileReference; lastKnownFileType = file.storyboard; name = Base; path = Base.lproj/LaunchScreen.storyboard; sourceTree = "<group>"; };
		ADAC5DD4240AC8DE0079EB30 /* Info.plist */ = {isa = PBXFileReference; lastKnownFileType = text.plist.xml; path = Info.plist; sourceTree = "<group>"; };
		ADAC5DD9240AC8DE0079EB30 /* NotesTests.xctest */ = {isa = PBXFileReference; explicitFileType = wrapper.cfbundle; includeInIndex = 0; path = NotesTests.xctest; sourceTree = BUILT_PRODUCTS_DIR; };
		ADAC5DDD240AC8DE0079EB30 /* NotesTests.swift */ = {isa = PBXFileReference; lastKnownFileType = sourcecode.swift; path = NotesTests.swift; sourceTree = "<group>"; };
		ADAC5DDF240AC8DE0079EB30 /* Info.plist */ = {isa = PBXFileReference; lastKnownFileType = text.plist.xml; path = Info.plist; sourceTree = "<group>"; };
		ADAC5DE4240AC8DE0079EB30 /* NotesUITests.xctest */ = {isa = PBXFileReference; explicitFileType = wrapper.cfbundle; includeInIndex = 0; path = NotesUITests.xctest; sourceTree = BUILT_PRODUCTS_DIR; };
		ADAC5DE8240AC8DE0079EB30 /* NotesUITests.swift */ = {isa = PBXFileReference; lastKnownFileType = sourcecode.swift; path = NotesUITests.swift; sourceTree = "<group>"; };
		ADAC5DEA240AC8DE0079EB30 /* Info.plist */ = {isa = PBXFileReference; lastKnownFileType = text.plist.xml; path = Info.plist; sourceTree = "<group>"; };
		EBD4ECCE4AFFAAEC2E0B89B6 /* Pods-Notes-NotesUITests.debug.xcconfig */ = {isa = PBXFileReference; includeInIndex = 1; lastKnownFileType = text.xcconfig; name = "Pods-Notes-NotesUITests.debug.xcconfig"; path = "Target Support Files/Pods-Notes-NotesUITests/Pods-Notes-NotesUITests.debug.xcconfig"; sourceTree = "<group>"; };
		F68DBFCDA0E2A79212E2D6A4 /* Pods-NotesTests.release.xcconfig */ = {isa = PBXFileReference; includeInIndex = 1; lastKnownFileType = text.xcconfig; name = "Pods-NotesTests.release.xcconfig"; path = "Target Support Files/Pods-NotesTests/Pods-NotesTests.release.xcconfig"; sourceTree = "<group>"; };
/* End PBXFileReference section */

/* Begin PBXFrameworksBuildPhase section */
		ADAC5DC0240AC8DA0079EB30 /* Frameworks */ = {
			isa = PBXFrameworksBuildPhase;
			buildActionMask = 2147483647;
			files = (
				C3DFB3D44B9F379084784065 /* Pods_Notes.framework in Frameworks */,
				7A5745A3259F77F600AA5CB7 /* FacebookCore in Frameworks */,
				7A5745A7259F77F600AA5CB7 /* FacebookShare in Frameworks */,
				7A5745A5259F77F600AA5CB7 /* FacebookLogin in Frameworks */,
			);
			runOnlyForDeploymentPostprocessing = 0;
		};
		ADAC5DD6240AC8DE0079EB30 /* Frameworks */ = {
			isa = PBXFrameworksBuildPhase;
			buildActionMask = 2147483647;
			files = (
				7FF2604B89B28D3A84D2F5C4 /* Pods_NotesTests.framework in Frameworks */,
			);
			runOnlyForDeploymentPostprocessing = 0;
		};
		ADAC5DE1240AC8DE0079EB30 /* Frameworks */ = {
			isa = PBXFrameworksBuildPhase;
			buildActionMask = 2147483647;
			files = (
				B8CF2239B0D9CBC2CF5D4010 /* Pods_Notes_NotesUITests.framework in Frameworks */,
			);
			runOnlyForDeploymentPostprocessing = 0;
		};
/* End PBXFrameworksBuildPhase section */

/* Begin PBXGroup section */
		031959D496EAD7803CB1F5F4 /* Frameworks */ = {
			isa = PBXGroup;
			children = (
				7676B49959C6BD60A570A89C /* Pods_Notes.framework */,
				2F107A5010288D93D4405669 /* Pods_Notes_NotesUITests.framework */,
				06D47F84C0CADA2F9E3F37C1 /* Pods_NotesTests.framework */,
			);
			name = Frameworks;
			sourceTree = "<group>";
		};
		7A574585259F6D4B00AA5CB7 /* firebase */ = {
			isa = PBXGroup;
			children = (
				7A5745C3259F998200AA5CB7 /* firebaseFunction.swift */,
			);
			path = firebase;
			sourceTree = "<group>";
		};
		7A5745AE259F7B4B00AA5CB7 /* View */ = {
			isa = PBXGroup;
			children = (
				7A5745AF259F7B6F00AA5CB7 /* fbLogin.swift */,
				7A5745D0259F9A6300AA5CB7 /* ListElement.swift */,
				7A5745DA259FAA3400AA5CB7 /* EditNoteView.swift */,
			);
			path = View;
			sourceTree = "<group>";
		};
		7A5745B7259F7CAB00AA5CB7 /* Model */ = {
			isa = PBXGroup;
			children = (
				7A5745B8259F7CD100AA5CB7 /* Note.swift */,
			);
			path = Model;
			sourceTree = "<group>";
		};
		9F439BD046A8B6F6973D3EC2 /* Pods */ = {
			isa = PBXGroup;
			children = (
				66CFF97F9B79AE5FFDD2BE3B /* Pods-Notes.debug.xcconfig */,
				980039B688539EFD67137727 /* Pods-Notes.release.xcconfig */,
				EBD4ECCE4AFFAAEC2E0B89B6 /* Pods-Notes-NotesUITests.debug.xcconfig */,
				10132E3BB6BAA72E5149209E /* Pods-Notes-NotesUITests.release.xcconfig */,
				18918EA796647E185388CAB7 /* Pods-NotesTests.debug.xcconfig */,
				F68DBFCDA0E2A79212E2D6A4 /* Pods-NotesTests.release.xcconfig */,
			);
			path = Pods;
			sourceTree = "<group>";
		};
		ADAC5DBA240AC8DA0079EB30 = {
			isa = PBXGroup;
			children = (
				ADAC5DC5240AC8DA0079EB30 /* Notes */,
				ADAC5DDC240AC8DE0079EB30 /* NotesTests */,
				ADAC5DE7240AC8DE0079EB30 /* NotesUITests */,
				ADAC5DC4240AC8DA0079EB30 /* Products */,
				9F439BD046A8B6F6973D3EC2 /* Pods */,
				031959D496EAD7803CB1F5F4 /* Frameworks */,
			);
			sourceTree = "<group>";
		};
		ADAC5DC4240AC8DA0079EB30 /* Products */ = {
			isa = PBXGroup;
			children = (
				ADAC5DC3240AC8DA0079EB30 /* Notes.app */,
				ADAC5DD9240AC8DE0079EB30 /* NotesTests.xctest */,
				ADAC5DE4240AC8DE0079EB30 /* NotesUITests.xctest */,
			);
			name = Products;
			sourceTree = "<group>";
		};
		ADAC5DC5240AC8DA0079EB30 /* Notes */ = {
			isa = PBXGroup;
			children = (
				7A5745B7259F7CAB00AA5CB7 /* Model */,
				7A5745AE259F7B4B00AA5CB7 /* View */,
				7A574585259F6D4B00AA5CB7 /* firebase */,
				7A57457D259F6CFC00AA5CB7 /* GoogleService-Info.plist */,
				ADAC5DC6240AC8DA0079EB30 /* AppDelegate.swift */,
				ADAC5DC8240AC8DA0079EB30 /* SceneDelegate.swift */,
				ADAC5DCA240AC8DA0079EB30 /* ContentView.swift */,
				ADAC5DCC240AC8DE0079EB30 /* Assets.xcassets */,
				ADAC5DD1240AC8DE0079EB30 /* LaunchScreen.storyboard */,
				ADAC5DD4240AC8DE0079EB30 /* Info.plist */,
				ADAC5DCE240AC8DE0079EB30 /* Preview Content */,
			);
			path = Notes;
			sourceTree = "<group>";
		};
		ADAC5DCE240AC8DE0079EB30 /* Preview Content */ = {
			isa = PBXGroup;
			children = (
				ADAC5DCF240AC8DE0079EB30 /* Preview Assets.xcassets */,
			);
			path = "Preview Content";
			sourceTree = "<group>";
		};
		ADAC5DDC240AC8DE0079EB30 /* NotesTests */ = {
			isa = PBXGroup;
			children = (
				ADAC5DDD240AC8DE0079EB30 /* NotesTests.swift */,
				ADAC5DDF240AC8DE0079EB30 /* Info.plist */,
			);
			path = NotesTests;
			sourceTree = "<group>";
		};
		ADAC5DE7240AC8DE0079EB30 /* NotesUITests */ = {
			isa = PBXGroup;
			children = (
				ADAC5DE8240AC8DE0079EB30 /* NotesUITests.swift */,
				ADAC5DEA240AC8DE0079EB30 /* Info.plist */,
			);
			path = NotesUITests;
			sourceTree = "<group>";
		};
/* End PBXGroup section */

/* Begin PBXNativeTarget section */
		ADAC5DC2240AC8DA0079EB30 /* Notes */ = {
			isa = PBXNativeTarget;
			buildConfigurationList = ADAC5DED240AC8DE0079EB30 /* Build configuration list for PBXNativeTarget "Notes" */;
			buildPhases = (
				A3BF94CEBDC81DC0FE0B502E /* [CP] Check Pods Manifest.lock */,
				ADAC5DBF240AC8DA0079EB30 /* Sources */,
				ADAC5DC0240AC8DA0079EB30 /* Frameworks */,
				ADAC5DC1240AC8DA0079EB30 /* Resources */,
				4E3AED1E1102447FB2CED52A /* [CP] Embed Pods Frameworks */,
			);
			buildRules = (
			);
			dependencies = (
			);
			name = Notes;
			packageProductDependencies = (
				7A5745A2259F77F600AA5CB7 /* FacebookCore */,
				7A5745A4259F77F600AA5CB7 /* FacebookLogin */,
				7A5745A6259F77F600AA5CB7 /* FacebookShare */,
			);
			productName = Notes;
			productReference = ADAC5DC3240AC8DA0079EB30 /* Notes.app */;
			productType = "com.apple.product-type.application";
		};
		ADAC5DD8240AC8DE0079EB30 /* NotesTests */ = {
			isa = PBXNativeTarget;
			buildConfigurationList = ADAC5DF0240AC8DE0079EB30 /* Build configuration list for PBXNativeTarget "NotesTests" */;
			buildPhases = (
				DF2D8FD15962630470E3C285 /* [CP] Check Pods Manifest.lock */,
				ADAC5DD5240AC8DE0079EB30 /* Sources */,
				ADAC5DD6240AC8DE0079EB30 /* Frameworks */,
				ADAC5DD7240AC8DE0079EB30 /* Resources */,
			);
			buildRules = (
			);
			dependencies = (
				ADAC5DDB240AC8DE0079EB30 /* PBXTargetDependency */,
			);
			name = NotesTests;
			productName = NotesTests;
			productReference = ADAC5DD9240AC8DE0079EB30 /* NotesTests.xctest */;
			productType = "com.apple.product-type.bundle.unit-test";
		};
		ADAC5DE3240AC8DE0079EB30 /* NotesUITests */ = {
			isa = PBXNativeTarget;
			buildConfigurationList = ADAC5DF3240AC8DE0079EB30 /* Build configuration list for PBXNativeTarget "NotesUITests" */;
			buildPhases = (
				A74E4500C0516439FD692C1D /* [CP] Check Pods Manifest.lock */,
				ADAC5DE0240AC8DE0079EB30 /* Sources */,
				ADAC5DE1240AC8DE0079EB30 /* Frameworks */,
				ADAC5DE2240AC8DE0079EB30 /* Resources */,
				B94BBB3D9A3F88CE465B3258 /* [CP] Embed Pods Frameworks */,
			);
			buildRules = (
			);
			dependencies = (
				ADAC5DE6240AC8DE0079EB30 /* PBXTargetDependency */,
			);
			name = NotesUITests;
			productName = NotesUITests;
			productReference = ADAC5DE4240AC8DE0079EB30 /* NotesUITests.xctest */;
			productType = "com.apple.product-type.bundle.ui-testing";
		};
/* End PBXNativeTarget section */

/* Begin PBXProject section */
		ADAC5DBB240AC8DA0079EB30 /* Project object */ = {
			isa = PBXProject;
			attributes = {
				LastSwiftUpdateCheck = 1130;
				LastUpgradeCheck = 1130;
				ORGANIZATIONNAME = Balaji;
				TargetAttributes = {
					ADAC5DC2240AC8DA0079EB30 = {
						CreatedOnToolsVersion = 11.3.1;
					};
					ADAC5DD8240AC8DE0079EB30 = {
						CreatedOnToolsVersion = 11.3.1;
						TestTargetID = ADAC5DC2240AC8DA0079EB30;
					};
					ADAC5DE3240AC8DE0079EB30 = {
						CreatedOnToolsVersion = 11.3.1;
						TestTargetID = ADAC5DC2240AC8DA0079EB30;
					};
				};
			};
			buildConfigurationList = ADAC5DBE240AC8DA0079EB30 /* Build configuration list for PBXProject "Notes" */;
			compatibilityVersion = "Xcode 9.3";
			developmentRegion = en;
			hasScannedForEncodings = 0;
			knownRegions = (
				en,
				Base,
			);
			mainGroup = ADAC5DBA240AC8DA0079EB30;
			packageReferences = (
				7A5745A1259F77F600AA5CB7 /* XCRemoteSwiftPackageReference "facebook-ios-sdk" */,
			);
			productRefGroup = ADAC5DC4240AC8DA0079EB30 /* Products */;
			projectDirPath = "";
			projectRoot = "";
			targets = (
				ADAC5DC2240AC8DA0079EB30 /* Notes */,
				ADAC5DD8240AC8DE0079EB30 /* NotesTests */,
				ADAC5DE3240AC8DE0079EB30 /* NotesUITests */,
			);
		};
/* End PBXProject section */

/* Begin PBXResourcesBuildPhase section */
		ADAC5DC1240AC8DA0079EB30 /* Resources */ = {
			isa = PBXResourcesBuildPhase;
			buildActionMask = 2147483647;
			files = (
				ADAC5DD3240AC8DE0079EB30 /* LaunchScreen.storyboard in Resources */,
				7A57457E259F6CFC00AA5CB7 /* GoogleService-Info.plist in Resources */,
				ADAC5DD0240AC8DE0079EB30 /* Preview Assets.xcassets in Resources */,
				ADAC5DCD240AC8DE0079EB30 /* Assets.xcassets in Resources */,
			);
			runOnlyForDeploymentPostprocessing = 0;
		};
		ADAC5DD7240AC8DE0079EB30 /* Resources */ = {
			isa = PBXResourcesBuildPhase;
			buildActionMask = 2147483647;
			files = (
			);
			runOnlyForDeploymentPostprocessing = 0;
		};
		ADAC5DE2240AC8DE0079EB30 /* Resources */ = {
			isa = PBXResourcesBuildPhase;
			buildActionMask = 2147483647;
			files = (
			);
			runOnlyForDeploymentPostprocessing = 0;
		};
/* End PBXResourcesBuildPhase section */

/* Begin PBXShellScriptBuildPhase section */
		4E3AED1E1102447FB2CED52A /* [CP] Embed Pods Frameworks */ = {
			isa = PBXShellScriptBuildPhase;
			buildActionMask = 2147483647;
			files = (
			);
			inputFileListPaths = (
				"${PODS_ROOT}/Target Support Files/Pods-Notes/Pods-Notes-frameworks-${CONFIGURATION}-input-files.xcfilelist",
			);
			name = "[CP] Embed Pods Frameworks";
			outputFileListPaths = (
				"${PODS_ROOT}/Target Support Files/Pods-Notes/Pods-Notes-frameworks-${CONFIGURATION}-output-files.xcfilelist",
			);
			runOnlyForDeploymentPostprocessing = 0;
			shellPath = /bin/sh;
			shellScript = "\"${PODS_ROOT}/Target Support Files/Pods-Notes/Pods-Notes-frameworks.sh\"\n";
			showEnvVarsInLog = 0;
		};
		A3BF94CEBDC81DC0FE0B502E /* [CP] Check Pods Manifest.lock */ = {
			isa = PBXShellScriptBuildPhase;
			buildActionMask = 2147483647;
			files = (
			);
			inputFileListPaths = (
			);
			inputPaths = (
				"${PODS_PODFILE_DIR_PATH}/Podfile.lock",
				"${PODS_ROOT}/Manifest.lock",
			);
			name = "[CP] Check Pods Manifest.lock";
			outputFileListPaths = (
			);
			outputPaths = (
				"$(DERIVED_FILE_DIR)/Pods-Notes-checkManifestLockResult.txt",
			);
			runOnlyForDeploymentPostprocessing = 0;
			shellPath = /bin/sh;
			shellScript = "diff \"${PODS_PODFILE_DIR_PATH}/Podfile.lock\" \"${PODS_ROOT}/Manifest.lock\" > /dev/null\nif [ $? != 0 ] ; then\n    # print error to STDERR\n    echo \"error: The sandbox is not in sync with the Podfile.lock. Run 'pod install' or update your CocoaPods installation.\" >&2\n    exit 1\nfi\n# This output is used by Xcode 'outputs' to avoid re-running this script phase.\necho \"SUCCESS\" > \"${SCRIPT_OUTPUT_FILE_0}\"\n";
			showEnvVarsInLog = 0;
		};
		A74E4500C0516439FD692C1D /* [CP] Check Pods Manifest.lock */ = {
			isa = PBXShellScriptBuildPhase;
			buildActionMask = 2147483647;
			files = (
			);
			inputFileListPaths = (
			);
			inputPaths = (
				"${PODS_PODFILE_DIR_PATH}/Podfile.lock",
				"${PODS_ROOT}/Manifest.lock",
			);
			name = "[CP] Check Pods Manifest.lock";
			outputFileListPaths = (
			);
			outputPaths = (
				"$(DERIVED_FILE_DIR)/Pods-Notes-NotesUITests-checkManifestLockResult.txt",
			);
			runOnlyForDeploymentPostprocessing = 0;
			shellPath = /bin/sh;
			shellScript = "diff \"${PODS_PODFILE_DIR_PATH}/Podfile.lock\" \"${PODS_ROOT}/Manifest.lock\" > /dev/null\nif [ $? != 0 ] ; then\n    # print error to STDERR\n    echo \"error: The sandbox is not in sync with the Podfile.lock. Run 'pod install' or update your CocoaPods installation.\" >&2\n    exit 1\nfi\n# This output is used by Xcode 'outputs' to avoid re-running this script phase.\necho \"SUCCESS\" > \"${SCRIPT_OUTPUT_FILE_0}\"\n";
			showEnvVarsInLog = 0;
		};
		B94BBB3D9A3F88CE465B3258 /* [CP] Embed Pods Frameworks */ = {
			isa = PBXShellScriptBuildPhase;
			buildActionMask = 2147483647;
			files = (
			);
			inputFileListPaths = (
				"${PODS_ROOT}/Target Support Files/Pods-Notes-NotesUITests/Pods-Notes-NotesUITests-frameworks-${CONFIGURATION}-input-files.xcfilelist",
			);
			name = "[CP] Embed Pods Frameworks";
			outputFileListPaths = (
				"${PODS_ROOT}/Target Support Files/Pods-Notes-NotesUITests/Pods-Notes-NotesUITests-frameworks-${CONFIGURATION}-output-files.xcfilelist",
			);
			runOnlyForDeploymentPostprocessing = 0;
			shellPath = /bin/sh;
			shellScript = "\"${PODS_ROOT}/Target Support Files/Pods-Notes-NotesUITests/Pods-Notes-NotesUITests-frameworks.sh\"\n";
			showEnvVarsInLog = 0;
		};
		DF2D8FD15962630470E3C285 /* [CP] Check Pods Manifest.lock */ = {
			isa = PBXShellScriptBuildPhase;
			buildActionMask = 2147483647;
			files = (
			);
			inputFileListPaths = (
			);
			inputPaths = (
				"${PODS_PODFILE_DIR_PATH}/Podfile.lock",
				"${PODS_ROOT}/Manifest.lock",
			);
			name = "[CP] Check Pods Manifest.lock";
			outputFileListPaths = (
			);
			outputPaths = (
				"$(DERIVED_FILE_DIR)/Pods-NotesTests-checkManifestLockResult.txt",
			);
			runOnlyForDeploymentPostprocessing = 0;
			shellPath = /bin/sh;
			shellScript = "diff \"${PODS_PODFILE_DIR_PATH}/Podfile.lock\" \"${PODS_ROOT}/Manifest.lock\" > /dev/null\nif [ $? != 0 ] ; then\n    # print error to STDERR\n    echo \"error: The sandbox is not in sync with the Podfile.lock. Run 'pod install' or update your CocoaPods installation.\" >&2\n    exit 1\nfi\n# This output is used by Xcode 'outputs' to avoid re-running this script phase.\necho \"SUCCESS\" > \"${SCRIPT_OUTPUT_FILE_0}\"\n";
			showEnvVarsInLog = 0;
		};
/* End PBXShellScriptBuildPhase section */

/* Begin PBXSourcesBuildPhase section */
		ADAC5DBF240AC8DA0079EB30 /* Sources */ = {
			isa = PBXSourcesBuildPhase;
			buildActionMask = 2147483647;
			files = (
				7A5745C4259F998200AA5CB7 /* firebaseFunction.swift in Sources */,
				7A5745B9259F7CD100AA5CB7 /* Note.swift in Sources */,
				ADAC5DC7240AC8DA0079EB30 /* AppDelegate.swift in Sources */,
				7A5745D1259F9A6300AA5CB7 /* ListElement.swift in Sources */,
				7A5745DB259FAA3400AA5CB7 /* EditNoteView.swift in Sources */,
				7A5745B0259F7B6F00AA5CB7 /* fbLogin.swift in Sources */,
				ADAC5DC9240AC8DA0079EB30 /* SceneDelegate.swift in Sources */,
				ADAC5DCB240AC8DA0079EB30 /* ContentView.swift in Sources */,
			);
			runOnlyForDeploymentPostprocessing = 0;
		};
		ADAC5DD5240AC8DE0079EB30 /* Sources */ = {
			isa = PBXSourcesBuildPhase;
			buildActionMask = 2147483647;
			files = (
				ADAC5DDE240AC8DE0079EB30 /* NotesTests.swift in Sources */,
			);
			runOnlyForDeploymentPostprocessing = 0;
		};
		ADAC5DE0240AC8DE0079EB30 /* Sources */ = {
			isa = PBXSourcesBuildPhase;
			buildActionMask = 2147483647;
			files = (
				ADAC5DE9240AC8DE0079EB30 /* NotesUITests.swift in Sources */,
			);
			runOnlyForDeploymentPostprocessing = 0;
		};
/* End PBXSourcesBuildPhase section */

/* Begin PBXTargetDependency section */
		ADAC5DDB240AC8DE0079EB30 /* PBXTargetDependency */ = {
			isa = PBXTargetDependency;
			target = ADAC5DC2240AC8DA0079EB30 /* Notes */;
			targetProxy = ADAC5DDA240AC8DE0079EB30 /* PBXContainerItemProxy */;
		};
		ADAC5DE6240AC8DE0079EB30 /* PBXTargetDependency */ = {
			isa = PBXTargetDependency;
			target = ADAC5DC2240AC8DA0079EB30 /* Notes */;
			targetProxy = ADAC5DE5240AC8DE0079EB30 /* PBXContainerItemProxy */;
		};
/* End PBXTargetDependency section */

/* Begin PBXVariantGroup section */
		ADAC5DD1240AC8DE0079EB30 /* LaunchScreen.storyboard */ = {
			isa = PBXVariantGroup;
			children = (
				ADAC5DD2240AC8DE0079EB30 /* Base */,
			);
			name = LaunchScreen.storyboard;
			sourceTree = "<group>";
		};
/* End PBXVariantGroup section */

/* Begin XCBuildConfiguration section */
		ADAC5DEB240AC8DE0079EB30 /* Debug */ = {
			isa = XCBuildConfiguration;
			buildSettings = {
				ALWAYS_SEARCH_USER_PATHS = NO;
				CLANG_ANALYZER_NONNULL = YES;
				CLANG_ANALYZER_NUMBER_OBJECT_CONVERSION = YES_AGGRESSIVE;
				CLANG_CXX_LANGUAGE_STANDARD = "gnu++14";
				CLANG_CXX_LIBRARY = "libc++";
				CLANG_ENABLE_MODULES = YES;
				CLANG_ENABLE_OBJC_ARC = YES;
				CLANG_ENABLE_OBJC_WEAK = YES;
				CLANG_WARN_BLOCK_CAPTURE_AUTORELEASING = YES;
				CLANG_WARN_BOOL_CONVERSION = YES;
				CLANG_WARN_COMMA = YES;
				CLANG_WARN_CONSTANT_CONVERSION = YES;
				CLANG_WARN_DEPRECATED_OBJC_IMPLEMENTATIONS = YES;
				CLANG_WARN_DIRECT_OBJC_ISA_USAGE = YES_ERROR;
				CLANG_WARN_DOCUMENTATION_COMMENTS = YES;
				CLANG_WARN_EMPTY_BODY = YES;
				CLANG_WARN_ENUM_CONVERSION = YES;
				CLANG_WARN_INFINITE_RECURSION = YES;
				CLANG_WARN_INT_CONVERSION = YES;
				CLANG_WARN_NON_LITERAL_NULL_CONVERSION = YES;
				CLANG_WARN_OBJC_IMPLICIT_RETAIN_SELF = YES;
				CLANG_WARN_OBJC_LITERAL_CONVERSION = YES;
				CLANG_WARN_OBJC_ROOT_CLASS = YES_ERROR;
				CLANG_WARN_RANGE_LOOP_ANALYSIS = YES;
				CLANG_WARN_STRICT_PROTOTYPES = YES;
				CLANG_WARN_SUSPICIOUS_MOVE = YES;
				CLANG_WARN_UNGUARDED_AVAILABILITY = YES_AGGRESSIVE;
				CLANG_WARN_UNREACHABLE_CODE = YES;
				CLANG_WARN__DUPLICATE_METHOD_MATCH = YES;
				COPY_PHASE_STRIP = NO;
				DEBUG_INFORMATION_FORMAT = dwarf;
				ENABLE_STRICT_OBJC_MSGSEND = YES;
				ENABLE_TESTABILITY = YES;
				GCC_C_LANGUAGE_STANDARD = gnu11;
				GCC_DYNAMIC_NO_PIC = NO;
				GCC_NO_COMMON_BLOCKS = YES;
				GCC_OPTIMIZATION_LEVEL = 0;
				GCC_PREPROCESSOR_DEFINITIONS = (
					"DEBUG=1",
					"$(inherited)",
				);
				GCC_WARN_64_TO_32_BIT_CONVERSION = YES;
				GCC_WARN_ABOUT_RETURN_TYPE = YES_ERROR;
				GCC_WARN_UNDECLARED_SELECTOR = YES;
				GCC_WARN_UNINITIALIZED_AUTOS = YES_AGGRESSIVE;
				GCC_WARN_UNUSED_FUNCTION = YES;
				GCC_WARN_UNUSED_VARIABLE = YES;
				IPHONEOS_DEPLOYMENT_TARGET = 13.2;
				MTL_ENABLE_DEBUG_INFO = INCLUDE_SOURCE;
				MTL_FAST_MATH = YES;
				ONLY_ACTIVE_ARCH = YES;
				SDKROOT = iphoneos;
				SWIFT_ACTIVE_COMPILATION_CONDITIONS = DEBUG;
				SWIFT_OPTIMIZATION_LEVEL = "-Onone";
			};
			name = Debug;
		};
		ADAC5DEC240AC8DE0079EB30 /* Release */ = {
			isa = XCBuildConfiguration;
			buildSettings = {
				ALWAYS_SEARCH_USER_PATHS = NO;
				CLANG_ANALYZER_NONNULL = YES;
				CLANG_ANALYZER_NUMBER_OBJECT_CONVERSION = YES_AGGRESSIVE;
				CLANG_CXX_LANGUAGE_STANDARD = "gnu++14";
				CLANG_CXX_LIBRARY = "libc++";
				CLANG_ENABLE_MODULES = YES;
				CLANG_ENABLE_OBJC_ARC = YES;
				CLANG_ENABLE_OBJC_WEAK = YES;
				CLANG_WARN_BLOCK_CAPTURE_AUTORELEASING = YES;
				CLANG_WARN_BOOL_CONVERSION = YES;
				CLANG_WARN_COMMA = YES;
				CLANG_WARN_CONSTANT_CONVERSION = YES;
				CLANG_WARN_DEPRECATED_OBJC_IMPLEMENTATIONS = YES;
				CLANG_WARN_DIRECT_OBJC_ISA_USAGE = YES_ERROR;
				CLANG_WARN_DOCUMENTATION_COMMENTS = YES;
				CLANG_WARN_EMPTY_BODY = YES;
				CLANG_WARN_ENUM_CONVERSION = YES;
				CLANG_WARN_INFINITE_RECURSION = YES;
				CLANG_WARN_INT_CONVERSION = YES;
				CLANG_WARN_NON_LITERAL_NULL_CONVERSION = YES;
				CLANG_WARN_OBJC_IMPLICIT_RETAIN_SELF = YES;
				CLANG_WARN_OBJC_LITERAL_CONVERSION = YES;
				CLANG_WARN_OBJC_ROOT_CLASS = YES_ERROR;
				CLANG_WARN_RANGE_LOOP_ANALYSIS = YES;
				CLANG_WARN_STRICT_PROTOTYPES = YES;
				CLANG_WARN_SUSPICIOUS_MOVE = YES;
				CLANG_WARN_UNGUARDED_AVAILABILITY = YES_AGGRESSIVE;
				CLANG_WARN_UNREACHABLE_CODE = YES;
				CLANG_WARN__DUPLICATE_METHOD_MATCH = YES;
				COPY_PHASE_STRIP = NO;
				DEBUG_INFORMATION_FORMAT = "dwarf-with-dsym";
				ENABLE_NS_ASSERTIONS = NO;
				ENABLE_STRICT_OBJC_MSGSEND = YES;
				GCC_C_LANGUAGE_STANDARD = gnu11;
				GCC_NO_COMMON_BLOCKS = YES;
				GCC_WARN_64_TO_32_BIT_CONVERSION = YES;
				GCC_WARN_ABOUT_RETURN_TYPE = YES_ERROR;
				GCC_WARN_UNDECLARED_SELECTOR = YES;
				GCC_WARN_UNINITIALIZED_AUTOS = YES_AGGRESSIVE;
				GCC_WARN_UNUSED_FUNCTION = YES;
				GCC_WARN_UNUSED_VARIABLE = YES;
				IPHONEOS_DEPLOYMENT_TARGET = 13.2;
				MTL_ENABLE_DEBUG_INFO = NO;
				MTL_FAST_MATH = YES;
				SDKROOT = iphoneos;
				SWIFT_COMPILATION_MODE = wholemodule;
				SWIFT_OPTIMIZATION_LEVEL = "-O";
				VALIDATE_PRODUCT = YES;
			};
			name = Release;
		};
		ADAC5DEE240AC8DE0079EB30 /* Debug */ = {
			isa = XCBuildConfiguration;
			baseConfigurationReference = 66CFF97F9B79AE5FFDD2BE3B /* Pods-Notes.debug.xcconfig */;
			buildSettings = {
				ASSETCATALOG_COMPILER_APPICON_NAME = AppIcon;
				CODE_SIGN_STYLE = Automatic;
				DEVELOPMENT_ASSET_PATHS = "\"Notes/Preview Content\"";
				ENABLE_PREVIEWS = YES;
				INFOPLIST_FILE = Notes/Info.plist;
				LD_RUNPATH_SEARCH_PATHS = (
					"$(inherited)",
					"@executable_path/Frameworks",
				);
				PRODUCT_BUNDLE_IDENTIFIER = "ios-note";
				PRODUCT_NAME = "$(TARGET_NAME)";
				SWIFT_VERSION = 5.0;
				TARGETED_DEVICE_FAMILY = "1,2";
			};
			name = Debug;
		};
		ADAC5DEF240AC8DE0079EB30 /* Release */ = {
			isa = XCBuildConfiguration;
			baseConfigurationReference = 980039B688539EFD67137727 /* Pods-Notes.release.xcconfig */;
			buildSettings = {
				ASSETCATALOG_COMPILER_APPICON_NAME = AppIcon;
				CODE_SIGN_STYLE = Automatic;
				DEVELOPMENT_ASSET_PATHS = "\"Notes/Preview Content\"";
				ENABLE_PREVIEWS = YES;
				INFOPLIST_FILE = Notes/Info.plist;
				LD_RUNPATH_SEARCH_PATHS = (
					"$(inherited)",
					"@executable_path/Frameworks",
				);
				PRODUCT_BUNDLE_IDENTIFIER = "ios-note";
				PRODUCT_NAME = "$(TARGET_NAME)";
				SWIFT_VERSION = 5.0;
				TARGETED_DEVICE_FAMILY = "1,2";
			};
			name = Release;
		};
		ADAC5DF1240AC8DE0079EB30 /* Debug */ = {
			isa = XCBuildConfiguration;
			baseConfigurationReference = 18918EA796647E185388CAB7 /* Pods-NotesTests.debug.xcconfig */;
			buildSettings = {
				ALWAYS_EMBED_SWIFT_STANDARD_LIBRARIES = YES;
				BUNDLE_LOADER = "$(TEST_HOST)";
				CODE_SIGN_STYLE = Automatic;
				INFOPLIST_FILE = NotesTests/Info.plist;
				IPHONEOS_DEPLOYMENT_TARGET = 13.2;
				LD_RUNPATH_SEARCH_PATHS = (
					"$(inherited)",
					"@executable_path/Frameworks",
					"@loader_path/Frameworks",
				);
				PRODUCT_BUNDLE_IDENTIFIER = Kavsoft.NotesTests;
				PRODUCT_NAME = "$(TARGET_NAME)";
				SWIFT_VERSION = 5.0;
				TARGETED_DEVICE_FAMILY = "1,2";
				TEST_HOST = "$(BUILT_PRODUCTS_DIR)/Notes.app/Notes";
			};
			name = Debug;
		};
		ADAC5DF2240AC8DE0079EB30 /* Release */ = {
			isa = XCBuildConfiguration;
			baseConfigurationReference = F68DBFCDA0E2A79212E2D6A4 /* Pods-NotesTests.release.xcconfig */;
			buildSettings = {
				ALWAYS_EMBED_SWIFT_STANDARD_LIBRARIES = YES;
				BUNDLE_LOADER = "$(TEST_HOST)";
				CODE_SIGN_STYLE = Automatic;
				INFOPLIST_FILE = NotesTests/Info.plist;
				IPHONEOS_DEPLOYMENT_TARGET = 13.2;
				LD_RUNPATH_SEARCH_PATHS = (
					"$(inherited)",
					"@executable_path/Frameworks",
					"@loader_path/Frameworks",
				);
				PRODUCT_BUNDLE_IDENTIFIER = Kavsoft.NotesTests;
				PRODUCT_NAME = "$(TARGET_NAME)";
				SWIFT_VERSION = 5.0;
				TARGETED_DEVICE_FAMILY = "1,2";
				TEST_HOST = "$(BUILT_PRODUCTS_DIR)/Notes.app/Notes";
			};
			name = Release;
		};
		ADAC5DF4240AC8DE0079EB30 /* Debug */ = {
			isa = XCBuildConfiguration;
			baseConfigurationReference = EBD4ECCE4AFFAAEC2E0B89B6 /* Pods-Notes-NotesUITests.debug.xcconfig */;
			buildSettings = {
				ALWAYS_EMBED_SWIFT_STANDARD_LIBRARIES = YES;
				CODE_SIGN_STYLE = Automatic;
				INFOPLIST_FILE = NotesUITests/Info.plist;
				LD_RUNPATH_SEARCH_PATHS = (
					"$(inherited)",
					"@executable_path/Frameworks",
					"@loader_path/Frameworks",
				);
				PRODUCT_BUNDLE_IDENTIFIER = Kavsoft.NotesUITests;
				PRODUCT_NAME = "$(TARGET_NAME)";
				SWIFT_VERSION = 5.0;
				TARGETED_DEVICE_FAMILY = "1,2";
				TEST_TARGET_NAME = Notes;
			};
			name = Debug;
		};
		ADAC5DF5240AC8DE0079EB30 /* Release */ = {
			isa = XCBuildConfiguration;
			baseConfigurationReference = 10132E3BB6BAA72E5149209E /* Pods-Notes-NotesUITests.release.xcconfig */;
			buildSettings = {
				ALWAYS_EMBED_SWIFT_STANDARD_LIBRARIES = YES;
				CODE_SIGN_STYLE = Automatic;
				INFOPLIST_FILE = NotesUITests/Info.plist;
				LD_RUNPATH_SEARCH_PATHS = (
					"$(inherited)",
					"@executable_path/Frameworks",
					"@loader_path/Frameworks",
				);
				PRODUCT_BUNDLE_IDENTIFIER = Kavsoft.NotesUITests;
				PRODUCT_NAME = "$(TARGET_NAME)";
				SWIFT_VERSION = 5.0;
				TARGETED_DEVICE_FAMILY = "1,2";
				TEST_TARGET_NAME = Notes;
			};
			name = Release;
		};
/* End XCBuildConfiguration section */

/* Begin XCConfigurationList section */
		ADAC5DBE240AC8DA0079EB30 /* Build configuration list for PBXProject "Notes" */ = {
			isa = XCConfigurationList;
			buildConfigurations = (
				ADAC5DEB240AC8DE0079EB30 /* Debug */,
				ADAC5DEC240AC8DE0079EB30 /* Release */,
			);
			defaultConfigurationIsVisible = 0;
			defaultConfigurationName = Release;
		};
		ADAC5DED240AC8DE0079EB30 /* Build configuration list for PBXNativeTarget "Notes" */ = {
			isa = XCConfigurationList;
			buildConfigurations = (
				ADAC5DEE240AC8DE0079EB30 /* Debug */,
				ADAC5DEF240AC8DE0079EB30 /* Release */,
			);
			defaultConfigurationIsVisible = 0;
			defaultConfigurationName = Release;
		};
		ADAC5DF0240AC8DE0079EB30 /* Build configuration list for PBXNativeTarget "NotesTests" */ = {
			isa = XCConfigurationList;
			buildConfigurations = (
				ADAC5DF1240AC8DE0079EB30 /* Debug */,
				ADAC5DF2240AC8DE0079EB30 /* Release */,
			);
			defaultConfigurationIsVisible = 0;
			defaultConfigurationName = Release;
		};
		ADAC5DF3240AC8DE0079EB30 /* Build configuration list for PBXNativeTarget "NotesUITests" */ = {
			isa = XCConfigurationList;
			buildConfigurations = (
				ADAC5DF4240AC8DE0079EB30 /* Debug */,
				ADAC5DF5240AC8DE0079EB30 /* Release */,
			);
			defaultConfigurationIsVisible = 0;
			defaultConfigurationName = Release;
		};
/* End XCConfigurationList section */

/* Begin XCRemoteSwiftPackageReference section */
		7A5745A1259F77F600AA5CB7 /* XCRemoteSwiftPackageReference "facebook-ios-sdk" */ = {
			isa = XCRemoteSwiftPackageReference;
			repositoryURL = "https://github.com/facebook/facebook-ios-sdk";
			requirement = {
				kind = upToNextMajorVersion;
				minimumVersion = 8.2.0;
			};
		};
/* End XCRemoteSwiftPackageReference section */

/* Begin XCSwiftPackageProductDependency section */
		7A5745A2259F77F600AA5CB7 /* FacebookCore */ = {
			isa = XCSwiftPackageProductDependency;
			package = 7A5745A1259F77F600AA5CB7 /* XCRemoteSwiftPackageReference "facebook-ios-sdk" */;
			productName = FacebookCore;
		};
		7A5745A4259F77F600AA5CB7 /* FacebookLogin */ = {
			isa = XCSwiftPackageProductDependency;
			package = 7A5745A1259F77F600AA5CB7 /* XCRemoteSwiftPackageReference "facebook-ios-sdk" */;
			productName = FacebookLogin;
		};
		7A5745A6259F77F600AA5CB7 /* FacebookShare */ = {
			isa = XCSwiftPackageProductDependency;
			package = 7A5745A1259F77F600AA5CB7 /* XCRemoteSwiftPackageReference "facebook-ios-sdk" */;
			productName = FacebookShare;
		};
/* End XCSwiftPackageProductDependency section */
	};
	rootObject = ADAC5DBB240AC8DA0079EB30 /* Project object */;
}
